
Microsoft Visual Studio Solution File, Format Version 12.00
# Visual Studio Version 17
VisualStudioVersion = 17.10.34916.146
MinimumVisualStudioVersion = 10.0.40219.1
Project("{FAE04EC0-301F-11D3-BF4B-00C04F79EFBC}") = "MVCCRUD", "MVCCRUD.csproj", "{D177B4CB-1FA2-4386-B2A0-4E0691CBFE22}"
EndProject
Global
	GlobalSection(SolutionConfigurationPlatforms) = preSolution
		Debug|Any CPU = Debug|Any CPU
		Release|Any CPU = Release|Any CPU
	EndGlobalSection
	GlobalSection(ProjectConfigurationPlatforms) = postSolution
		{D177B4CB-1FA2-4386-B2A0-4E0691CBFE22}.Debug|Any CPU.ActiveCfg = Debug|Any CPU
		{D177B4CB-1FA2-4386-B2A0-4E0691CBFE22}.Debug|Any CPU.Build.0 = Debug|Any CPU
		{D177B4CB-1FA2-4386-B2A0-4E0691CBFE22}.Release|Any CPU.ActiveCfg = Release|Any CPU
		{D177B4CB-1FA2-4386-B2A0-4E0691CBFE22}.Release|Any CPU.Build.0 = Release|Any CPU
	EndGlobalSection
	GlobalSection(SolutionProperties) = preSolution
		HideSolutionNode = FALSE
	EndGlobalSection
	GlobalSection(ExtensibilityGlobals) = postSolution
		SolutionGuid = {C80F403B-3BA3-45B6-99BC-7BA970E73CD7}
	EndGlobalSection
EndGlobal
